
Microsoft Visual Studio Solution File, Format Version 12.00
# Visual Studio 15
VisualStudioVersion = 15.0.27428.2027
MinimumVisualStudioVersion = 10.0.40219.1
Project("{FAE04EC0-301F-11D3-BF4B-00C04F79EFBC}") = "HackerNewsAPI", "HackerNewsAPI\HackerNewsAPI.csproj", "{CD619F81-7069-4E97-BDED-1B6DB00C02CE}"
EndProject
Global
	GlobalSection(SolutionConfigurationPlatforms) = preSolution
		Debug|Any CPU = Debug|Any CPU
		Release|Any CPU = Release|Any CPU
	EndGlobalSection
	GlobalSection(ProjectConfigurationPlatforms) = postSolution
		{CD619F81-7069-4E97-BDED-1B6DB00C02CE}.Debug|Any CPU.ActiveCfg = Debug|Any CPU
		{CD619F81-7069-4E97-BDED-1B6DB00C02CE}.Debug|Any CPU.Build.0 = Debug|Any CPU
		{CD619F81-7069-4E97-BDED-1B6DB00C02CE}.Release|Any CPU.ActiveCfg = Release|Any CPU
		{CD619F81-7069-4E97-BDED-1B6DB00C02CE}.Release|Any CPU.Build.0 = Release|Any CPU
	EndGlobalSection
	GlobalSection(SolutionProperties) = preSolution
		HideSolutionNode = FALSE
	EndGlobalSection
	GlobalSection(ExtensibilityGlobals) = postSolution
		SolutionGuid = {36E3B6C5-2224-4104-A466-0BC782EC70AD}
	EndGlobalSection
EndGlobal
